
Microsoft Visual Studio Solution File, Format Version 12.00
# Visual Studio 15
VisualStudioVersion = 15.0.27428.2011
MinimumVisualStudioVersion = 10.0.40219.1
Project("{FAE04EC0-301F-11D3-BF4B-00C04F79EFBC}") = "IsIPv4Address", "IsIPv4Address\IsIPv4Address.csproj", "{FA2DD6B8-695E-42FF-A2EA-40D053FA9EE7}"
EndProject
Global
	GlobalSection(SolutionConfigurationPlatforms) = preSolution
		Debug|Any CPU = Debug|Any CPU
		Release|Any CPU = Release|Any CPU
	EndGlobalSection
	GlobalSection(ProjectConfigurationPlatforms) = postSolution
		{FA2DD6B8-695E-42FF-A2EA-40D053FA9EE7}.Debug|Any CPU.ActiveCfg = Debug|Any CPU
		{FA2DD6B8-695E-42FF-A2EA-40D053FA9EE7}.Debug|Any CPU.Build.0 = Debug|Any CPU
		{FA2DD6B8-695E-42FF-A2EA-40D053FA9EE7}.Release|Any CPU.ActiveCfg = Release|Any CPU
		{FA2DD6B8-695E-42FF-A2EA-40D053FA9EE7}.Release|Any CPU.Build.0 = Release|Any CPU
	EndGlobalSection
	GlobalSection(SolutionProperties) = preSolution
		HideSolutionNode = FALSE
	EndGlobalSection
	GlobalSection(ExtensibilityGlobals) = postSolution
		SolutionGuid = {99D2AEED-8EF2-493F-A96E-1D14FA9202A1}
	EndGlobalSection
EndGlobal
