
Microsoft Visual Studio Solution File, Format Version 12.00
# Visual Studio 15
VisualStudioVersion = 15.0.27428.2011
MinimumVisualStudioVersion = 10.0.40219.1
Project("{FAE04EC0-301F-11D3-BF4B-00C04F79EFBC}") = "SortByHeight", "SortByHeight\SortByHeight.csproj", "{BC2E1A15-D56C-41C4-BCBE-F87455A1ECE5}"
EndProject
Global
	GlobalSection(SolutionConfigurationPlatforms) = preSolution
		Debug|Any CPU = Debug|Any CPU
		Release|Any CPU = Release|Any CPU
	EndGlobalSection
	GlobalSection(ProjectConfigurationPlatforms) = postSolution
		{BC2E1A15-D56C-41C4-BCBE-F87455A1ECE5}.Debug|Any CPU.ActiveCfg = Debug|Any CPU
		{BC2E1A15-D56C-41C4-BCBE-F87455A1ECE5}.Debug|Any CPU.Build.0 = Debug|Any CPU
		{BC2E1A15-D56C-41C4-BCBE-F87455A1ECE5}.Release|Any CPU.ActiveCfg = Release|Any CPU
		{BC2E1A15-D56C-41C4-BCBE-F87455A1ECE5}.Release|Any CPU.Build.0 = Release|Any CPU
	EndGlobalSection
	GlobalSection(SolutionProperties) = preSolution
		HideSolutionNode = FALSE
	EndGlobalSection
	GlobalSection(ExtensibilityGlobals) = postSolution
		SolutionGuid = {11F693DC-DAA3-40C9-86E9-4F09A110BAEC}
	EndGlobalSection
EndGlobal
