
Microsoft Visual Studio Solution File, Format Version 12.00
# Visual Studio 15
VisualStudioVersion = 15.0.27428.2011
MinimumVisualStudioVersion = 10.0.40219.1
Project("{FAE04EC0-301F-11D3-BF4B-00C04F79EFBC}") = "CircleOfNumbers", "CircleOfNumbers\CircleOfNumbers.csproj", "{084D0295-1733-41ED-8AF7-85F9E9B04241}"
EndProject
Global
	GlobalSection(SolutionConfigurationPlatforms) = preSolution
		Debug|Any CPU = Debug|Any CPU
		Release|Any CPU = Release|Any CPU
	EndGlobalSection
	GlobalSection(ProjectConfigurationPlatforms) = postSolution
		{084D0295-1733-41ED-8AF7-85F9E9B04241}.Debug|Any CPU.ActiveCfg = Debug|Any CPU
		{084D0295-1733-41ED-8AF7-85F9E9B04241}.Debug|Any CPU.Build.0 = Debug|Any CPU
		{084D0295-1733-41ED-8AF7-85F9E9B04241}.Release|Any CPU.ActiveCfg = Release|Any CPU
		{084D0295-1733-41ED-8AF7-85F9E9B04241}.Release|Any CPU.Build.0 = Release|Any CPU
	EndGlobalSection
	GlobalSection(SolutionProperties) = preSolution
		HideSolutionNode = FALSE
	EndGlobalSection
	GlobalSection(ExtensibilityGlobals) = postSolution
		SolutionGuid = {F1883A87-D981-43F6-9F7D-D3640DB0A5CA}
	EndGlobalSection
EndGlobal
