
Microsoft Visual Studio Solution File, Format Version 12.00
# Visual Studio 15
VisualStudioVersion = 15.0.27428.2011
MinimumVisualStudioVersion = 10.0.40219.1
Project("{FAE04EC0-301F-11D3-BF4B-00C04F79EFBC}") = "MatrixElementsSum", "MatrixElementsSum\MatrixElementsSum.csproj", "{F34C4BBD-0851-4BDF-9DD4-F4467E55768D}"
EndProject
Global
	GlobalSection(SolutionConfigurationPlatforms) = preSolution
		Debug|Any CPU = Debug|Any CPU
		Release|Any CPU = Release|Any CPU
	EndGlobalSection
	GlobalSection(ProjectConfigurationPlatforms) = postSolution
		{F34C4BBD-0851-4BDF-9DD4-F4467E55768D}.Debug|Any CPU.ActiveCfg = Debug|Any CPU
		{F34C4BBD-0851-4BDF-9DD4-F4467E55768D}.Debug|Any CPU.Build.0 = Debug|Any CPU
		{F34C4BBD-0851-4BDF-9DD4-F4467E55768D}.Release|Any CPU.ActiveCfg = Release|Any CPU
		{F34C4BBD-0851-4BDF-9DD4-F4467E55768D}.Release|Any CPU.Build.0 = Release|Any CPU
	EndGlobalSection
	GlobalSection(SolutionProperties) = preSolution
		HideSolutionNode = FALSE
	EndGlobalSection
	GlobalSection(ExtensibilityGlobals) = postSolution
		SolutionGuid = {C29C60AE-4129-4D3C-92D0-34989F516B63}
	EndGlobalSection
EndGlobal
