
Microsoft Visual Studio Solution File, Format Version 12.00
# Visual Studio 15
VisualStudioVersion = 15.0.27428.2011
MinimumVisualStudioVersion = 10.0.40219.1
Project("{FAE04EC0-301F-11D3-BF4B-00C04F79EFBC}") = "ArrayReplace", "ArrayReplace\ArrayReplace.csproj", "{79448AD0-9931-4D4E-BBED-149236058F95}"
EndProject
Global
	GlobalSection(SolutionConfigurationPlatforms) = preSolution
		Debug|Any CPU = Debug|Any CPU
		Release|Any CPU = Release|Any CPU
	EndGlobalSection
	GlobalSection(ProjectConfigurationPlatforms) = postSolution
		{79448AD0-9931-4D4E-BBED-149236058F95}.Debug|Any CPU.ActiveCfg = Debug|Any CPU
		{79448AD0-9931-4D4E-BBED-149236058F95}.Debug|Any CPU.Build.0 = Debug|Any CPU
		{79448AD0-9931-4D4E-BBED-149236058F95}.Release|Any CPU.ActiveCfg = Release|Any CPU
		{79448AD0-9931-4D4E-BBED-149236058F95}.Release|Any CPU.Build.0 = Release|Any CPU
	EndGlobalSection
	GlobalSection(SolutionProperties) = preSolution
		HideSolutionNode = FALSE
	EndGlobalSection
	GlobalSection(ExtensibilityGlobals) = postSolution
		SolutionGuid = {A3D32BBC-FD9B-42DE-B858-C664D83F36B6}
	EndGlobalSection
EndGlobal
